
Microsoft Visual Studio Solution File, Format Version 12.00
# Visual Studio Version 17
VisualStudioVersion = 17.11.35208.52
MinimumVisualStudioVersion = 10.0.40219.1
Project("{FAE04EC0-301F-11D3-BF4B-00C04F79EFBC}") = "Labs41", "Laboratorio 4\Labs41.csproj", "{63703BD5-D83F-4F79-8383-5F7B20705B94}"
EndProject
Project("{FAE04EC0-301F-11D3-BF4B-00C04F79EFBC}") = "Laboratorio42", "Laboratorio42\Laboratorio42.csproj", "{06E982A8-4DB2-4912-97BC-0B00133389BD}"
EndProject
Project("{FAE04EC0-301F-11D3-BF4B-00C04F79EFBC}") = "Labs43", "Labs43\Labs43.csproj", "{7836097E-2FC0-497E-B93E-C594EC83F517}"
EndProject
Global
	GlobalSection(SolutionConfigurationPlatforms) = preSolution
		Debug|Any CPU = Debug|Any CPU
		Release|Any CPU = Release|Any CPU
	EndGlobalSection
	GlobalSection(ProjectConfigurationPlatforms) = postSolution
		{63703BD5-D83F-4F79-8383-5F7B20705B94}.Debug|Any CPU.ActiveCfg = Debug|Any CPU
		{63703BD5-D83F-4F79-8383-5F7B20705B94}.Debug|Any CPU.Build.0 = Debug|Any CPU
		{63703BD5-D83F-4F79-8383-5F7B20705B94}.Release|Any CPU.ActiveCfg = Release|Any CPU
		{63703BD5-D83F-4F79-8383-5F7B20705B94}.Release|Any CPU.Build.0 = Release|Any CPU
		{06E982A8-4DB2-4912-97BC-0B00133389BD}.Debug|Any CPU.ActiveCfg = Debug|Any CPU
		{06E982A8-4DB2-4912-97BC-0B00133389BD}.Debug|Any CPU.Build.0 = Debug|Any CPU
		{06E982A8-4DB2-4912-97BC-0B00133389BD}.Release|Any CPU.ActiveCfg = Release|Any CPU
		{06E982A8-4DB2-4912-97BC-0B00133389BD}.Release|Any CPU.Build.0 = Release|Any CPU
		{7836097E-2FC0-497E-B93E-C594EC83F517}.Debug|Any CPU.ActiveCfg = Debug|Any CPU
		{7836097E-2FC0-497E-B93E-C594EC83F517}.Debug|Any CPU.Build.0 = Debug|Any CPU
		{7836097E-2FC0-497E-B93E-C594EC83F517}.Release|Any CPU.ActiveCfg = Release|Any CPU
		{7836097E-2FC0-497E-B93E-C594EC83F517}.Release|Any CPU.Build.0 = Release|Any CPU
	EndGlobalSection
	GlobalSection(SolutionProperties) = preSolution
		HideSolutionNode = FALSE
	EndGlobalSection
	GlobalSection(ExtensibilityGlobals) = postSolution
		SolutionGuid = {C6C01D5D-8083-4028-8BDE-21065CE9CD8F}
	EndGlobalSection
EndGlobal
