
Microsoft Visual Studio Solution File, Format Version 12.00
# Visual Studio Version 17
VisualStudioVersion = 17.11.35208.52
MinimumVisualStudioVersion = 10.0.40219.1
Project("{FAE04EC0-301F-11D3-BF4B-00C04F79EFBC}") = "Laboratorio6", "Laboratorio6\Laboratorio6.csproj", "{2A9757D0-DCC7-42A8-8383-2C7E63BAC996}"
EndProject
Project("{FAE04EC0-301F-11D3-BF4B-00C04F79EFBC}") = "Labs62", "Labs62\Labs62.csproj", "{FDFC6FB5-F209-4730-B20E-251B5ECD0059}"
EndProject
Project("{FAE04EC0-301F-11D3-BF4B-00C04F79EFBC}") = "Labs63", "Labs63\Labs63.csproj", "{8780A17F-F1EB-4E9A-9319-11C5331A6FD1}"
EndProject
Project("{FAE04EC0-301F-11D3-BF4B-00C04F79EFBC}") = "Labs64", "Labs64\Labs64.csproj", "{7A49CD66-83A6-49C6-A071-0FE556B9C5F3}"
EndProject
Global
	GlobalSection(SolutionConfigurationPlatforms) = preSolution
		Debug|Any CPU = Debug|Any CPU
		Release|Any CPU = Release|Any CPU
	EndGlobalSection
	GlobalSection(ProjectConfigurationPlatforms) = postSolution
		{2A9757D0-DCC7-42A8-8383-2C7E63BAC996}.Debug|Any CPU.ActiveCfg = Debug|Any CPU
		{2A9757D0-DCC7-42A8-8383-2C7E63BAC996}.Debug|Any CPU.Build.0 = Debug|Any CPU
		{2A9757D0-DCC7-42A8-8383-2C7E63BAC996}.Release|Any CPU.ActiveCfg = Release|Any CPU
		{2A9757D0-DCC7-42A8-8383-2C7E63BAC996}.Release|Any CPU.Build.0 = Release|Any CPU
		{FDFC6FB5-F209-4730-B20E-251B5ECD0059}.Debug|Any CPU.ActiveCfg = Debug|Any CPU
		{FDFC6FB5-F209-4730-B20E-251B5ECD0059}.Debug|Any CPU.Build.0 = Debug|Any CPU
		{FDFC6FB5-F209-4730-B20E-251B5ECD0059}.Release|Any CPU.ActiveCfg = Release|Any CPU
		{FDFC6FB5-F209-4730-B20E-251B5ECD0059}.Release|Any CPU.Build.0 = Release|Any CPU
		{8780A17F-F1EB-4E9A-9319-11C5331A6FD1}.Debug|Any CPU.ActiveCfg = Debug|Any CPU
		{8780A17F-F1EB-4E9A-9319-11C5331A6FD1}.Debug|Any CPU.Build.0 = Debug|Any CPU
		{8780A17F-F1EB-4E9A-9319-11C5331A6FD1}.Release|Any CPU.ActiveCfg = Release|Any CPU
		{8780A17F-F1EB-4E9A-9319-11C5331A6FD1}.Release|Any CPU.Build.0 = Release|Any CPU
		{7A49CD66-83A6-49C6-A071-0FE556B9C5F3}.Debug|Any CPU.ActiveCfg = Debug|Any CPU
		{7A49CD66-83A6-49C6-A071-0FE556B9C5F3}.Debug|Any CPU.Build.0 = Debug|Any CPU
		{7A49CD66-83A6-49C6-A071-0FE556B9C5F3}.Release|Any CPU.ActiveCfg = Release|Any CPU
		{7A49CD66-83A6-49C6-A071-0FE556B9C5F3}.Release|Any CPU.Build.0 = Release|Any CPU
	EndGlobalSection
	GlobalSection(SolutionProperties) = preSolution
		HideSolutionNode = FALSE
	EndGlobalSection
	GlobalSection(ExtensibilityGlobals) = postSolution
		SolutionGuid = {D0ED9CAB-1636-4C86-87DF-745B3625C1B1}
	EndGlobalSection
EndGlobal
