
Microsoft Visual Studio Solution File, Format Version 12.00
# Visual Studio Version 17
VisualStudioVersion = 17.11.35312.102
MinimumVisualStudioVersion = 10.0.40219.1
Project("{9A19103F-16F7-4668-BE54-9A1E7A4F7556}") = "Laboratorio91", "Laboratorio9\Laboratorio91.csproj", "{8492DBA9-0290-40E4-8DF9-77DCCBD3A671}"
EndProject
Project("{FAE04EC0-301F-11D3-BF4B-00C04F79EFBC}") = "Laboratorio92", "Laboratorio92\Laboratorio92.csproj", "{CE3F805E-9F64-4B91-8DB0-FEF7CBB7AB5F}"
EndProject
Project("{FAE04EC0-301F-11D3-BF4B-00C04F79EFBC}") = "Laboratorio93", "Laboratorio93\Laboratorio93.csproj", "{02EB1700-AC8B-4BAF-B43F-BD050AE09378}"
EndProject
Project("{FAE04EC0-301F-11D3-BF4B-00C04F79EFBC}") = "Laboratorio94", "Laboratorio94\Laboratorio94.csproj", "{6BF9A774-43E7-4725-93FC-E2CFCCCC4782}"
EndProject
Project("{FAE04EC0-301F-11D3-BF4B-00C04F79EFBC}") = "Laboratorio95", "Laboratorio95\Laboratorio95.csproj", "{4EDBF0FB-969E-4820-A710-F1700F5D5F10}"
EndProject
Global
	GlobalSection(SolutionConfigurationPlatforms) = preSolution
		Debug|Any CPU = Debug|Any CPU
		Release|Any CPU = Release|Any CPU
	EndGlobalSection
	GlobalSection(ProjectConfigurationPlatforms) = postSolution
		{8492DBA9-0290-40E4-8DF9-77DCCBD3A671}.Debug|Any CPU.ActiveCfg = Debug|Any CPU
		{8492DBA9-0290-40E4-8DF9-77DCCBD3A671}.Debug|Any CPU.Build.0 = Debug|Any CPU
		{8492DBA9-0290-40E4-8DF9-77DCCBD3A671}.Release|Any CPU.ActiveCfg = Release|Any CPU
		{8492DBA9-0290-40E4-8DF9-77DCCBD3A671}.Release|Any CPU.Build.0 = Release|Any CPU
		{CE3F805E-9F64-4B91-8DB0-FEF7CBB7AB5F}.Debug|Any CPU.ActiveCfg = Debug|Any CPU
		{CE3F805E-9F64-4B91-8DB0-FEF7CBB7AB5F}.Debug|Any CPU.Build.0 = Debug|Any CPU
		{CE3F805E-9F64-4B91-8DB0-FEF7CBB7AB5F}.Release|Any CPU.ActiveCfg = Release|Any CPU
		{CE3F805E-9F64-4B91-8DB0-FEF7CBB7AB5F}.Release|Any CPU.Build.0 = Release|Any CPU
		{02EB1700-AC8B-4BAF-B43F-BD050AE09378}.Debug|Any CPU.ActiveCfg = Debug|Any CPU
		{02EB1700-AC8B-4BAF-B43F-BD050AE09378}.Debug|Any CPU.Build.0 = Debug|Any CPU
		{02EB1700-AC8B-4BAF-B43F-BD050AE09378}.Release|Any CPU.ActiveCfg = Release|Any CPU
		{02EB1700-AC8B-4BAF-B43F-BD050AE09378}.Release|Any CPU.Build.0 = Release|Any CPU
		{6BF9A774-43E7-4725-93FC-E2CFCCCC4782}.Debug|Any CPU.ActiveCfg = Debug|Any CPU
		{6BF9A774-43E7-4725-93FC-E2CFCCCC4782}.Debug|Any CPU.Build.0 = Debug|Any CPU
		{6BF9A774-43E7-4725-93FC-E2CFCCCC4782}.Release|Any CPU.ActiveCfg = Release|Any CPU
		{6BF9A774-43E7-4725-93FC-E2CFCCCC4782}.Release|Any CPU.Build.0 = Release|Any CPU
		{4EDBF0FB-969E-4820-A710-F1700F5D5F10}.Debug|Any CPU.ActiveCfg = Debug|Any CPU
		{4EDBF0FB-969E-4820-A710-F1700F5D5F10}.Debug|Any CPU.Build.0 = Debug|Any CPU
		{4EDBF0FB-969E-4820-A710-F1700F5D5F10}.Release|Any CPU.ActiveCfg = Release|Any CPU
		{4EDBF0FB-969E-4820-A710-F1700F5D5F10}.Release|Any CPU.Build.0 = Release|Any CPU
	EndGlobalSection
	GlobalSection(SolutionProperties) = preSolution
		HideSolutionNode = FALSE
	EndGlobalSection
	GlobalSection(ExtensibilityGlobals) = postSolution
		SolutionGuid = {E99255DD-4E73-48EA-8691-BB7B5ABF9356}
	EndGlobalSection
EndGlobal
