
Microsoft Visual Studio Solution File, Format Version 12.00
# Visual Studio Version 17
VisualStudioVersion = 17.11.35312.102
MinimumVisualStudioVersion = 10.0.40219.1
Project("{FAE04EC0-301F-11D3-BF4B-00C04F79EFBC}") = "Parcial1", "Parcial1\Parcial1.csproj", "{8C6C9563-E907-4BD9-A409-D2F89781129B}"
EndProject
Global
	GlobalSection(SolutionConfigurationPlatforms) = preSolution
		Debug|Any CPU = Debug|Any CPU
		Release|Any CPU = Release|Any CPU
	EndGlobalSection
	GlobalSection(ProjectConfigurationPlatforms) = postSolution
		{8C6C9563-E907-4BD9-A409-D2F89781129B}.Debug|Any CPU.ActiveCfg = Debug|Any CPU
		{8C6C9563-E907-4BD9-A409-D2F89781129B}.Debug|Any CPU.Build.0 = Debug|Any CPU
		{8C6C9563-E907-4BD9-A409-D2F89781129B}.Release|Any CPU.ActiveCfg = Release|Any CPU
		{8C6C9563-E907-4BD9-A409-D2F89781129B}.Release|Any CPU.Build.0 = Release|Any CPU
	EndGlobalSection
	GlobalSection(SolutionProperties) = preSolution
		HideSolutionNode = FALSE
	EndGlobalSection
	GlobalSection(ExtensibilityGlobals) = postSolution
		SolutionGuid = {6828438C-79FB-43BB-BF9B-27C876736095}
	EndGlobalSection
EndGlobal
