
Microsoft Visual Studio Solution File, Format Version 12.00
# Visual Studio Version 17
VisualStudioVersion = 17.11.35312.102
MinimumVisualStudioVersion = 10.0.40219.1
Project("{FAE04EC0-301F-11D3-BF4B-00C04F79EFBC}") = "Laboratorio12", "Laboratorio12\Laboratorio12.csproj", "{1995FCF1-D0BC-4273-B3C0-6747BFF9DD27}"
EndProject
Project("{FAE04EC0-301F-11D3-BF4B-00C04F79EFBC}") = "Laboratorio122", "Laboratorio122\Laboratorio122.csproj", "{42AC34B0-D161-4411-B953-14EA9CB3D5B0}"
EndProject
Project("{FAE04EC0-301F-11D3-BF4B-00C04F79EFBC}") = "Laboratorio123", "Laboratorio123\Laboratorio123.csproj", "{B38A8E4A-BDDD-4E76-BC8B-D94BB9804A3C}"
EndProject
Global
	GlobalSection(SolutionConfigurationPlatforms) = preSolution
		Debug|Any CPU = Debug|Any CPU
		Release|Any CPU = Release|Any CPU
	EndGlobalSection
	GlobalSection(ProjectConfigurationPlatforms) = postSolution
		{1995FCF1-D0BC-4273-B3C0-6747BFF9DD27}.Debug|Any CPU.ActiveCfg = Debug|Any CPU
		{1995FCF1-D0BC-4273-B3C0-6747BFF9DD27}.Debug|Any CPU.Build.0 = Debug|Any CPU
		{1995FCF1-D0BC-4273-B3C0-6747BFF9DD27}.Release|Any CPU.ActiveCfg = Release|Any CPU
		{1995FCF1-D0BC-4273-B3C0-6747BFF9DD27}.Release|Any CPU.Build.0 = Release|Any CPU
		{42AC34B0-D161-4411-B953-14EA9CB3D5B0}.Debug|Any CPU.ActiveCfg = Debug|Any CPU
		{42AC34B0-D161-4411-B953-14EA9CB3D5B0}.Debug|Any CPU.Build.0 = Debug|Any CPU
		{42AC34B0-D161-4411-B953-14EA9CB3D5B0}.Release|Any CPU.ActiveCfg = Release|Any CPU
		{42AC34B0-D161-4411-B953-14EA9CB3D5B0}.Release|Any CPU.Build.0 = Release|Any CPU
		{B38A8E4A-BDDD-4E76-BC8B-D94BB9804A3C}.Debug|Any CPU.ActiveCfg = Debug|Any CPU
		{B38A8E4A-BDDD-4E76-BC8B-D94BB9804A3C}.Debug|Any CPU.Build.0 = Debug|Any CPU
		{B38A8E4A-BDDD-4E76-BC8B-D94BB9804A3C}.Release|Any CPU.ActiveCfg = Release|Any CPU
		{B38A8E4A-BDDD-4E76-BC8B-D94BB9804A3C}.Release|Any CPU.Build.0 = Release|Any CPU
	EndGlobalSection
	GlobalSection(SolutionProperties) = preSolution
		HideSolutionNode = FALSE
	EndGlobalSection
	GlobalSection(ExtensibilityGlobals) = postSolution
		SolutionGuid = {FA6BEDAF-2214-43D2-AA28-CD29C13BDE88}
	EndGlobalSection
EndGlobal
